
Microsoft Visual Studio Solution File, Format Version 12.00
# Visual Studio Version 17
VisualStudioVersion = 17.14.36401.2 d17.14
MinimumVisualStudioVersion = 10.0.40219.1
Project("{FAE04EC0-301F-11D3-BF4B-00C04F79EFBC}") = "Lab1.2", "Lab1.2\Lab1.2.csproj", "{3DCE0833-AD81-4C11-8D71-290381304660}"
EndProject
Global
	GlobalSection(SolutionConfigurationPlatforms) = preSolution
		Debug|Any CPU = Debug|Any CPU
		Release|Any CPU = Release|Any CPU
	EndGlobalSection
	GlobalSection(ProjectConfigurationPlatforms) = postSolution
		{3DCE0833-AD81-4C11-8D71-290381304660}.Debug|Any CPU.ActiveCfg = Debug|Any CPU
		{3DCE0833-AD81-4C11-8D71-290381304660}.Debug|Any CPU.Build.0 = Debug|Any CPU
		{3DCE0833-AD81-4C11-8D71-290381304660}.Release|Any CPU.ActiveCfg = Release|Any CPU
		{3DCE0833-AD81-4C11-8D71-290381304660}.Release|Any CPU.Build.0 = Release|Any CPU
	EndGlobalSection
	GlobalSection(SolutionProperties) = preSolution
		HideSolutionNode = FALSE
	EndGlobalSection
	GlobalSection(ExtensibilityGlobals) = postSolution
		SolutionGuid = {8C4A30A4-C880-42B3-B9D8-DE5E742514FB}
	EndGlobalSection
EndGlobal
